
Microsoft Visual Studio Solution File, Format Version 12.00
Project("{FAE04EC0-301F-11D3-BF4B-00C04F79EFBC}") = "MaleFashionApp", "MaleFashionApp\MaleFashionApp.csproj", "{7B4DDE4E-E50A-4420-A799-6BB504D5AFC9}"
EndProject
Global
	GlobalSection(SolutionConfigurationPlatforms) = preSolution
		Debug|Any CPU = Debug|Any CPU
		Release|Any CPU = Release|Any CPU
	EndGlobalSection
	GlobalSection(ProjectConfigurationPlatforms) = postSolution
		{7B4DDE4E-E50A-4420-A799-6BB504D5AFC9}.Debug|Any CPU.ActiveCfg = Debug|Any CPU
		{7B4DDE4E-E50A-4420-A799-6BB504D5AFC9}.Debug|Any CPU.Build.0 = Debug|Any CPU
		{7B4DDE4E-E50A-4420-A799-6BB504D5AFC9}.Release|Any CPU.ActiveCfg = Release|Any CPU
		{7B4DDE4E-E50A-4420-A799-6BB504D5AFC9}.Release|Any CPU.Build.0 = Release|Any CPU
	EndGlobalSection
EndGlobal
